
Microsoft Visual Studio Solution File, Format Version 12.00
# Visual Studio Version 17
VisualStudioVersion = 17.3.32819.101
MinimumVisualStudioVersion = 10.0.40219.1
Project("{FAE04EC0-301F-11D3-BF4B-00C04F79EFBC}") = "Resource_Example", "Resource_Example\Resource_Example.csproj", "{AB06BE4B-3A76-4EEB-9062-F79915E6A18D}"
EndProject
Global
	GlobalSection(SolutionConfigurationPlatforms) = preSolution
		Debug|Any CPU = Debug|Any CPU
		Release|Any CPU = Release|Any CPU
	EndGlobalSection
	GlobalSection(ProjectConfigurationPlatforms) = postSolution
		{AB06BE4B-3A76-4EEB-9062-F79915E6A18D}.Debug|Any CPU.ActiveCfg = Debug|Any CPU
		{AB06BE4B-3A76-4EEB-9062-F79915E6A18D}.Debug|Any CPU.Build.0 = Debug|Any CPU
		{AB06BE4B-3A76-4EEB-9062-F79915E6A18D}.Release|Any CPU.ActiveCfg = Release|Any CPU
		{AB06BE4B-3A76-4EEB-9062-F79915E6A18D}.Release|Any CPU.Build.0 = Release|Any CPU
	EndGlobalSection
	GlobalSection(SolutionProperties) = preSolution
		HideSolutionNode = FALSE
	EndGlobalSection
	GlobalSection(ExtensibilityGlobals) = postSolution
		SolutionGuid = {B962EBCF-7820-4C36-AC9B-F4D28F7C8FB5}
	EndGlobalSection
EndGlobal
